
Microsoft Visual Studio Solution File, Format Version 12.00
# Visual Studio Version 17
VisualStudioVersion = 17.0.32014.148
MinimumVisualStudioVersion = 10.0.40219.1
Project("{9A19103F-16F7-4668-BE54-9A1E7A4F7556}") = "Jc.Core", "Jc.Core\Jc.Core.csproj", "{5A37603F-40AC-4BED-B27C-6D4E5E2B0475}"
EndProject
Project("{9A19103F-16F7-4668-BE54-9A1E7A4F7556}") = "Jc.Base", "Jc.Base\Jc.Base.csproj", "{A79630DD-813B-4DFB-BE5E-DFD68D89CCDB}"
EndProject
Project("{9A19103F-16F7-4668-BE54-9A1E7A4F7556}") = "Jc.Cache", "Jc.Cache\Jc.Cache.csproj", "{E195629E-8F76-46D3-A77B-4B2D6DE515ED}"
EndProject
Project("{9A19103F-16F7-4668-BE54-9A1E7A4F7556}") = "Jc.Util.Excel", "Jc.Util.Excel\Jc.Util.Excel.csproj", "{32BAE24D-8E6F-41EE-8042-406187C79335}"
EndProject
Project("{2150E333-8FDC-42A3-9474-1A3956D46DE8}") = "Test", "Test", "{409F6F5D-E9A2-41EB-BEF6-E2E9DD157A8D}"
EndProject
Project("{9A19103F-16F7-4668-BE54-9A1E7A4F7556}") = "Jc.Core.LocalTests", "Test\Jc.Core.LocalTests\Jc.Core.LocalTests.csproj", "{607FBC70-2B6A-4944-8955-50A96E130DD1}"
EndProject
Project("{9A19103F-16F7-4668-BE54-9A1E7A4F7556}") = "Jc.Core.TestApp", "Test\Jc.Core.TestApp\Jc.Core.TestApp.csproj", "{FEA7C5AC-C158-4F31-91AD-0824D8E39989}"
EndProject
Project("{9A19103F-16F7-4668-BE54-9A1E7A4F7556}") = "Jc.Util.LocalTests", "Test\Jc.Util.LocalTests\Jc.Util.LocalTests.csproj", "{8296F114-7927-451A-B3B2-AFD10EF5EE4A}"
EndProject
Project("{FAE04EC0-301F-11D3-BF4B-00C04F79EFBC}") = "Jc.Core.FrameworkTest", "Test\Jc.Core.FrameworkTest\Jc.Core.FrameworkTest.csproj", "{178D763C-C43B-4BD6-8625-920A1CA54074}"
EndProject
Project("{9A19103F-16F7-4668-BE54-9A1E7A4F7556}") = "Jc.Core.MsSql", "Jc.Core.MsSql\Jc.Core.MsSql.csproj", "{7A324E71-67C6-466B-BA14-9922D6C87E16}"
EndProject
Project("{9A19103F-16F7-4668-BE54-9A1E7A4F7556}") = "Jc.Core.MySql", "Jc.Core.MySql\Jc.Core.MySql.csproj", "{58D22618-8E29-41A0-801A-1536BDCBD224}"
EndProject
Project("{9A19103F-16F7-4668-BE54-9A1E7A4F7556}") = "Jc.Core.PostgreSql", "Jc.Core.PostgreSql\Jc.Core.PostgreSql.csproj", "{80C2FFB4-1015-49DF-8687-F96201796301}"
EndProject
Project("{9A19103F-16F7-4668-BE54-9A1E7A4F7556}") = "Jc.Core.Sqlite", "Jc.Core.Sqlite\Jc.Core.Sqlite.csproj", "{A537D339-F67B-4B72-A6B6-E0BDC0695FF0}"
EndProject
Project("{9A19103F-16F7-4668-BE54-9A1E7A4F7556}") = "Jc.Core.Database", "Jc.Core.Database\Jc.Core.Database.csproj", "{2652ADF3-A997-4E86-8311-48C6FE0CA36C}"
EndProject
Project("{9A19103F-16F7-4668-BE54-9A1E7A4F7556}") = "Jc.Util.Excel.LocalTests", "Test\Jc.Util.Excel.LocalTests\Jc.Util.Excel.LocalTests.csproj", "{46A8F8EE-1552-4187-ACA4-B5F88EE9087E}"
EndProject
Global
	GlobalSection(SolutionConfigurationPlatforms) = preSolution
		Debug|Any CPU = Debug|Any CPU
		Release|Any CPU = Release|Any CPU
	EndGlobalSection
	GlobalSection(ProjectConfigurationPlatforms) = postSolution
		{5A37603F-40AC-4BED-B27C-6D4E5E2B0475}.Debug|Any CPU.ActiveCfg = Debug|Any CPU
		{5A37603F-40AC-4BED-B27C-6D4E5E2B0475}.Debug|Any CPU.Build.0 = Debug|Any CPU
		{5A37603F-40AC-4BED-B27C-6D4E5E2B0475}.Release|Any CPU.ActiveCfg = Release|Any CPU
		{5A37603F-40AC-4BED-B27C-6D4E5E2B0475}.Release|Any CPU.Build.0 = Release|Any CPU
		{A79630DD-813B-4DFB-BE5E-DFD68D89CCDB}.Debug|Any CPU.ActiveCfg = Debug|Any CPU
		{A79630DD-813B-4DFB-BE5E-DFD68D89CCDB}.Debug|Any CPU.Build.0 = Debug|Any CPU
		{A79630DD-813B-4DFB-BE5E-DFD68D89CCDB}.Release|Any CPU.ActiveCfg = Release|Any CPU
		{A79630DD-813B-4DFB-BE5E-DFD68D89CCDB}.Release|Any CPU.Build.0 = Release|Any CPU
		{E195629E-8F76-46D3-A77B-4B2D6DE515ED}.Debug|Any CPU.ActiveCfg = Debug|Any CPU
		{E195629E-8F76-46D3-A77B-4B2D6DE515ED}.Debug|Any CPU.Build.0 = Debug|Any CPU
		{E195629E-8F76-46D3-A77B-4B2D6DE515ED}.Release|Any CPU.ActiveCfg = Release|Any CPU
		{E195629E-8F76-46D3-A77B-4B2D6DE515ED}.Release|Any CPU.Build.0 = Release|Any CPU
		{32BAE24D-8E6F-41EE-8042-406187C79335}.Debug|Any CPU.ActiveCfg = Debug|Any CPU
		{32BAE24D-8E6F-41EE-8042-406187C79335}.Debug|Any CPU.Build.0 = Debug|Any CPU
		{32BAE24D-8E6F-41EE-8042-406187C79335}.Release|Any CPU.ActiveCfg = Release|Any CPU
		{32BAE24D-8E6F-41EE-8042-406187C79335}.Release|Any CPU.Build.0 = Release|Any CPU
		{607FBC70-2B6A-4944-8955-50A96E130DD1}.Debug|Any CPU.ActiveCfg = Debug|Any CPU
		{607FBC70-2B6A-4944-8955-50A96E130DD1}.Debug|Any CPU.Build.0 = Debug|Any CPU
		{607FBC70-2B6A-4944-8955-50A96E130DD1}.Release|Any CPU.ActiveCfg = Release|Any CPU
		{607FBC70-2B6A-4944-8955-50A96E130DD1}.Release|Any CPU.Build.0 = Release|Any CPU
		{FEA7C5AC-C158-4F31-91AD-0824D8E39989}.Debug|Any CPU.ActiveCfg = Debug|Any CPU
		{FEA7C5AC-C158-4F31-91AD-0824D8E39989}.Debug|Any CPU.Build.0 = Debug|Any CPU
		{FEA7C5AC-C158-4F31-91AD-0824D8E39989}.Release|Any CPU.ActiveCfg = Release|Any CPU
		{FEA7C5AC-C158-4F31-91AD-0824D8E39989}.Release|Any CPU.Build.0 = Release|Any CPU
		{8296F114-7927-451A-B3B2-AFD10EF5EE4A}.Debug|Any CPU.ActiveCfg = Debug|Any CPU
		{8296F114-7927-451A-B3B2-AFD10EF5EE4A}.Debug|Any CPU.Build.0 = Debug|Any CPU
		{8296F114-7927-451A-B3B2-AFD10EF5EE4A}.Release|Any CPU.ActiveCfg = Release|Any CPU
		{8296F114-7927-451A-B3B2-AFD10EF5EE4A}.Release|Any CPU.Build.0 = Release|Any CPU
		{178D763C-C43B-4BD6-8625-920A1CA54074}.Debug|Any CPU.ActiveCfg = Debug|Any CPU
		{178D763C-C43B-4BD6-8625-920A1CA54074}.Debug|Any CPU.Build.0 = Debug|Any CPU
		{178D763C-C43B-4BD6-8625-920A1CA54074}.Release|Any CPU.ActiveCfg = Release|Any CPU
		{178D763C-C43B-4BD6-8625-920A1CA54074}.Release|Any CPU.Build.0 = Release|Any CPU
		{7A324E71-67C6-466B-BA14-9922D6C87E16}.Debug|Any CPU.ActiveCfg = Debug|Any CPU
		{7A324E71-67C6-466B-BA14-9922D6C87E16}.Debug|Any CPU.Build.0 = Debug|Any CPU
		{7A324E71-67C6-466B-BA14-9922D6C87E16}.Release|Any CPU.ActiveCfg = Release|Any CPU
		{7A324E71-67C6-466B-BA14-9922D6C87E16}.Release|Any CPU.Build.0 = Release|Any CPU
		{58D22618-8E29-41A0-801A-1536BDCBD224}.Debug|Any CPU.ActiveCfg = Debug|Any CPU
		{58D22618-8E29-41A0-801A-1536BDCBD224}.Debug|Any CPU.Build.0 = Debug|Any CPU
		{58D22618-8E29-41A0-801A-1536BDCBD224}.Release|Any CPU.ActiveCfg = Release|Any CPU
		{58D22618-8E29-41A0-801A-1536BDCBD224}.Release|Any CPU.Build.0 = Release|Any CPU
		{80C2FFB4-1015-49DF-8687-F96201796301}.Debug|Any CPU.ActiveCfg = Debug|Any CPU
		{80C2FFB4-1015-49DF-8687-F96201796301}.Debug|Any CPU.Build.0 = Debug|Any CPU
		{80C2FFB4-1015-49DF-8687-F96201796301}.Release|Any CPU.ActiveCfg = Release|Any CPU
		{80C2FFB4-1015-49DF-8687-F96201796301}.Release|Any CPU.Build.0 = Release|Any CPU
		{A537D339-F67B-4B72-A6B6-E0BDC0695FF0}.Debug|Any CPU.ActiveCfg = Debug|Any CPU
		{A537D339-F67B-4B72-A6B6-E0BDC0695FF0}.Debug|Any CPU.Build.0 = Debug|Any CPU
		{A537D339-F67B-4B72-A6B6-E0BDC0695FF0}.Release|Any CPU.ActiveCfg = Release|Any CPU
		{A537D339-F67B-4B72-A6B6-E0BDC0695FF0}.Release|Any CPU.Build.0 = Release|Any CPU
		{2652ADF3-A997-4E86-8311-48C6FE0CA36C}.Debug|Any CPU.ActiveCfg = Debug|Any CPU
		{2652ADF3-A997-4E86-8311-48C6FE0CA36C}.Debug|Any CPU.Build.0 = Debug|Any CPU
		{2652ADF3-A997-4E86-8311-48C6FE0CA36C}.Release|Any CPU.ActiveCfg = Release|Any CPU
		{2652ADF3-A997-4E86-8311-48C6FE0CA36C}.Release|Any CPU.Build.0 = Release|Any CPU
		{46A8F8EE-1552-4187-ACA4-B5F88EE9087E}.Debug|Any CPU.ActiveCfg = Debug|Any CPU
		{46A8F8EE-1552-4187-ACA4-B5F88EE9087E}.Debug|Any CPU.Build.0 = Debug|Any CPU
		{46A8F8EE-1552-4187-ACA4-B5F88EE9087E}.Release|Any CPU.ActiveCfg = Release|Any CPU
		{46A8F8EE-1552-4187-ACA4-B5F88EE9087E}.Release|Any CPU.Build.0 = Release|Any CPU
	EndGlobalSection
	GlobalSection(SolutionProperties) = preSolution
		HideSolutionNode = FALSE
	EndGlobalSection
	GlobalSection(NestedProjects) = preSolution
		{607FBC70-2B6A-4944-8955-50A96E130DD1} = {409F6F5D-E9A2-41EB-BEF6-E2E9DD157A8D}
		{FEA7C5AC-C158-4F31-91AD-0824D8E39989} = {409F6F5D-E9A2-41EB-BEF6-E2E9DD157A8D}
		{8296F114-7927-451A-B3B2-AFD10EF5EE4A} = {409F6F5D-E9A2-41EB-BEF6-E2E9DD157A8D}
		{178D763C-C43B-4BD6-8625-920A1CA54074} = {409F6F5D-E9A2-41EB-BEF6-E2E9DD157A8D}
		{46A8F8EE-1552-4187-ACA4-B5F88EE9087E} = {409F6F5D-E9A2-41EB-BEF6-E2E9DD157A8D}
	EndGlobalSection
	GlobalSection(ExtensibilityGlobals) = postSolution
		SolutionGuid = {7201E83C-781D-4EEF-AF2C-CAD9DF4659CA}
	EndGlobalSection
EndGlobal
