
Microsoft Visual Studio Solution File, Format Version 12.00
# Visual Studio Version 16
VisualStudioVersion = 16.0.28407.52
MinimumVisualStudioVersion = 10.0.40219.1
Project("{9A19103F-16F7-4668-BE54-9A1E7A4F7556}") = "Jc.Core", "Jc.Core\Jc.Core.csproj", "{5A37603F-40AC-4BED-B27C-6D4E5E2B0475}"
EndProject
Project("{9A19103F-16F7-4668-BE54-9A1E7A4F7556}") = "Jc.Core.MsSql", "Jc.Core.MsSql\Jc.Core.MsSql.csproj", "{A852343D-C8B3-4C62-8138-EE2C6F1FCCF7}"
EndProject
Project("{9A19103F-16F7-4668-BE54-9A1E7A4F7556}") = "Jc.Core.MySql", "Jc.Core.MySql\Jc.Core.MySql.csproj", "{C0D9F37F-A2BB-4F8D-8CFA-518595E0E135}"
EndProject
Project("{9A19103F-16F7-4668-BE54-9A1E7A4F7556}") = "Jc.Core.Sqlite", "Jc.Core.Sqlite\Jc.Core.Sqlite.csproj", "{1BB6F1D9-A900-429A-A675-992180074469}"
EndProject
Project("{9A19103F-16F7-4668-BE54-9A1E7A4F7556}") = "Jc.Core.PostgreSql", "Jc.Core.PostgreSql\Jc.Core.PostgreSql.csproj", "{0F684D99-C4F5-4E2A-94E8-6F76A4277C39}"
EndProject
Project("{9A19103F-16F7-4668-BE54-9A1E7A4F7556}") = "Jc.Core.TestApp", "Jc.Core.TestApp\Jc.Core.TestApp.csproj", "{1F43D4D0-1BFB-4C56-93AC-8AB7EA84C39F}"
EndProject
Project("{FAE04EC0-301F-11D3-BF4B-00C04F79EFBC}") = "Jc.Core.UnitTestApp", "Jc.Core.UnitTestApp\Jc.Core.UnitTestApp.csproj", "{66F0CAEA-8ECB-45F8-B769-C8791D14D9A3}"
EndProject
Global
	GlobalSection(SolutionConfigurationPlatforms) = preSolution
		Debug|Any CPU = Debug|Any CPU
		Release|Any CPU = Release|Any CPU
	EndGlobalSection
	GlobalSection(ProjectConfigurationPlatforms) = postSolution
		{5A37603F-40AC-4BED-B27C-6D4E5E2B0475}.Debug|Any CPU.ActiveCfg = Debug|Any CPU
		{5A37603F-40AC-4BED-B27C-6D4E5E2B0475}.Debug|Any CPU.Build.0 = Debug|Any CPU
		{5A37603F-40AC-4BED-B27C-6D4E5E2B0475}.Release|Any CPU.ActiveCfg = Release|Any CPU
		{5A37603F-40AC-4BED-B27C-6D4E5E2B0475}.Release|Any CPU.Build.0 = Release|Any CPU
		{A852343D-C8B3-4C62-8138-EE2C6F1FCCF7}.Debug|Any CPU.ActiveCfg = Debug|Any CPU
		{A852343D-C8B3-4C62-8138-EE2C6F1FCCF7}.Debug|Any CPU.Build.0 = Debug|Any CPU
		{A852343D-C8B3-4C62-8138-EE2C6F1FCCF7}.Release|Any CPU.ActiveCfg = Release|Any CPU
		{A852343D-C8B3-4C62-8138-EE2C6F1FCCF7}.Release|Any CPU.Build.0 = Release|Any CPU
		{C0D9F37F-A2BB-4F8D-8CFA-518595E0E135}.Debug|Any CPU.ActiveCfg = Debug|Any CPU
		{C0D9F37F-A2BB-4F8D-8CFA-518595E0E135}.Debug|Any CPU.Build.0 = Debug|Any CPU
		{C0D9F37F-A2BB-4F8D-8CFA-518595E0E135}.Release|Any CPU.ActiveCfg = Release|Any CPU
		{C0D9F37F-A2BB-4F8D-8CFA-518595E0E135}.Release|Any CPU.Build.0 = Release|Any CPU
		{1BB6F1D9-A900-429A-A675-992180074469}.Debug|Any CPU.ActiveCfg = Debug|Any CPU
		{1BB6F1D9-A900-429A-A675-992180074469}.Debug|Any CPU.Build.0 = Debug|Any CPU
		{1BB6F1D9-A900-429A-A675-992180074469}.Release|Any CPU.ActiveCfg = Release|Any CPU
		{1BB6F1D9-A900-429A-A675-992180074469}.Release|Any CPU.Build.0 = Release|Any CPU
		{0F684D99-C4F5-4E2A-94E8-6F76A4277C39}.Debug|Any CPU.ActiveCfg = Debug|Any CPU
		{0F684D99-C4F5-4E2A-94E8-6F76A4277C39}.Debug|Any CPU.Build.0 = Debug|Any CPU
		{0F684D99-C4F5-4E2A-94E8-6F76A4277C39}.Release|Any CPU.ActiveCfg = Release|Any CPU
		{0F684D99-C4F5-4E2A-94E8-6F76A4277C39}.Release|Any CPU.Build.0 = Release|Any CPU
		{1F43D4D0-1BFB-4C56-93AC-8AB7EA84C39F}.Debug|Any CPU.ActiveCfg = Debug|Any CPU
		{1F43D4D0-1BFB-4C56-93AC-8AB7EA84C39F}.Debug|Any CPU.Build.0 = Debug|Any CPU
		{1F43D4D0-1BFB-4C56-93AC-8AB7EA84C39F}.Release|Any CPU.ActiveCfg = Release|Any CPU
		{1F43D4D0-1BFB-4C56-93AC-8AB7EA84C39F}.Release|Any CPU.Build.0 = Release|Any CPU
		{66F0CAEA-8ECB-45F8-B769-C8791D14D9A3}.Debug|Any CPU.ActiveCfg = Debug|Any CPU
		{66F0CAEA-8ECB-45F8-B769-C8791D14D9A3}.Debug|Any CPU.Build.0 = Debug|Any CPU
		{66F0CAEA-8ECB-45F8-B769-C8791D14D9A3}.Release|Any CPU.ActiveCfg = Release|Any CPU
		{66F0CAEA-8ECB-45F8-B769-C8791D14D9A3}.Release|Any CPU.Build.0 = Release|Any CPU
	EndGlobalSection
	GlobalSection(SolutionProperties) = preSolution
		HideSolutionNode = FALSE
	EndGlobalSection
	GlobalSection(ExtensibilityGlobals) = postSolution
		SolutionGuid = {7201E83C-781D-4EEF-AF2C-CAD9DF4659CA}
	EndGlobalSection
EndGlobal
